
Microsoft Visual Studio Solution File, Format Version 12.00
# Visual Studio Version 17
VisualStudioVersion = 17.9.34616.47
MinimumVisualStudioVersion = 10.0.40219.1
Project("{FAE04EC0-301F-11D3-BF4B-00C04F79EFBC}") = "Vietinak_Kho", "Vietinak_Kho.csproj", "{8E173280-3610-44C3-B153-FF2C12F74CA1}"
EndProject
Global
	GlobalSection(SolutionConfigurationPlatforms) = preSolution
		Debug|Any CPU = Debug|Any CPU
		Release|Any CPU = Release|Any CPU
	EndGlobalSection
	GlobalSection(ProjectConfigurationPlatforms) = postSolution
		{8E173280-3610-44C3-B153-FF2C12F74CA1}.Debug|Any CPU.ActiveCfg = Debug|Any CPU
		{8E173280-3610-44C3-B153-FF2C12F74CA1}.Debug|Any CPU.Build.0 = Debug|Any CPU
		{8E173280-3610-44C3-B153-FF2C12F74CA1}.Release|Any CPU.ActiveCfg = Release|Any CPU
		{8E173280-3610-44C3-B153-FF2C12F74CA1}.Release|Any CPU.Build.0 = Release|Any CPU
	EndGlobalSection
	GlobalSection(SolutionProperties) = preSolution
		HideSolutionNode = FALSE
	EndGlobalSection
	GlobalSection(ExtensibilityGlobals) = postSolution
		SolutionGuid = {BC881FB2-0690-4219-9FF3-D74F44C9DA1B}
	EndGlobalSection
EndGlobal
